// !$*UTF8*$!
{
	archiveVersion = 1;
	classes = {
	};
	objectVersion = 46;
	objects = {

/* Begin PBXBuildFile section */
		3AFCBF201D7F862C00AC2B89 /* AppDelegate.swift in Sources */ = {isa = PBXBuildFile; fileRef = 3AFCBF1F1D7F862C00AC2B89 /* AppDelegate.swift */; };
		3AFCBF221D7F862C00AC2B89 /* ViewController.swift in Sources */ = {isa = PBXBuildFile; fileRef = 3AFCBF211D7F862C00AC2B89 /* ViewController.swift */; };
		3AFCBF251D7F862C00AC2B89 /* Main.storyboard in Resources */ = {isa = PBXBuildFile; fileRef = 3AFCBF231D7F862C00AC2B89 /* Main.storyboard */; };
		3AFCBF271D7F862C00AC2B89 /* Assets.xcassets in Resources */ = {isa = PBXBuildFile; fileRef = 3AFCBF261D7F862C00AC2B89 /* Assets.xcassets */; };
		3AFCBF2A1D7F862C00AC2B89 /* LaunchScreen.storyboard in Resources */ = {isa = PBXBuildFile; fileRef = 3AFCBF281D7F862C00AC2B89 /* LaunchScreen.storyboard */; };
/* End PBXBuildFile section */

/* Begin PBXFileReference section */
		3AFCBF1C1D7F862C00AC2B89 /* flash.app */ = {isa = PBXFileReference; explicitFileType = wrapper.application; includeInIndex = 0; path = flash.app; sourceTree = BUILT_PRODUCTS_DIR; };
		3AFCBF1F1D7F862C00AC2B89 /* AppDelegate.swift */ = {isa = PBXFileReference; lastKnownFileType = sourcecode.swift; path = AppDelegate.swift; sourceTree = "<group>"; };
		3AFCBF211D7F862C00AC2B89 /* ViewController.swift */ = {isa = PBXFileReference; lastKnownFileType = sourcecode.swift; path = ViewController.swift; sourceTree = "<group>"; };
		3AFCBF241D7F862C00AC2B89 /* Base */ = {isa = PBXFileReference; lastKnownFileType = file.storyboard; name = Base; path = Base.lproj/Main.storyboard; sourceTree = "<group>"; };
		3AFCBF261D7F862C00AC2B89 /* Assets.xcassets */ = {isa = PBXFileReference; lastKnownFileType = folder.assetcatalog; path = Assets.xcassets; sourceTree = "<group>"; };
		3AFCBF291D7F862C00AC2B89 /* Base */ = {isa = PBXFileReference; lastKnownFileType = file.storyboard; name = Base; path = Base.lproj/LaunchScreen.storyboard; sourceTree = "<group>"; };
		3AFCBF2B1D7F862C00AC2B89 /* Info.plist */ = {isa = PBXFileReference; lastKnownFileType = text.plist.xml; path = Info.plist; sourceTree = "<group>"; };
/* End PBXFileReference section */

/* Begin PBXFrameworksBuildPhase section */
		3AFCBF191D7F862C00AC2B89 /* Frameworks */ = {
			isa = PBXFrameworksBuildPhase;
			buildActionMask = 2147483647;
			files = (
			);
			runOnlyForDeploymentPostprocessing = 0;
		};
/* End PBXFrameworksBuildPhase section */

/* Begin PBXGroup section */
		3AFCBF131D7F862C00AC2B89 = {
			isa = PBXGroup;
			children = (
				3AFCBF1E1D7F862C00AC2B89 /* flash */,
				3AFCBF1D1D7F862C00AC2B89 /* Products */,
			);
			sourceTree = "<group>";
		};
		3AFCBF1D1D7F862C00AC2B89 /* Products */ = {
			isa = PBXGroup;
			children = (
				3AFCBF1C1D7F862C00AC2B89 /* flash.app */,
			);
			name = Products;
			sourceTree = "<group>";
		};
		3AFCBF1E1D7F862C00AC2B89 /* flash */ = {
			isa = PBXGroup;
			children = (
				3AFCBF1F1D7F862C00AC2B89 /* AppDelegate.swift */,
				3AFCBF211D7F862C00AC2B89 /* ViewController.swift */,
				3AFCBF231D7F862C00AC2B89 /* Main.storyboard */,
				3AFCBF261D7F862C00AC2B89 /* Assets.xcassets */,
				3AFCBF281D7F862C00AC2B89 /* LaunchScreen.storyboard */,
				3AFCBF2B1D7F862C00AC2B89 /* Info.plist */,
			);
			path = flash;
			sourceTree = "<group>";
		};
/* End PBXGroup section */

/* Begin PBXNativeTarget section */
		3AFCBF1B1D7F862C00AC2B89 /* flash */ = {
			isa = PBXNativeTarget;
			buildConfigurationList = 3AFCBF2E1D7F862C00AC2B89 /* Build configuration list for PBXNativeTarget "flash" */;
			buildPhases = (
				3AFCBF181D7F862C00AC2B89 /* Sources */,
				3AFCBF191D7F862C00AC2B89 /* Frameworks */,
				3AFCBF1A1D7F862C00AC2B89 /* Resources */,
			);
			buildRules = (
			);
			dependencies = (
			);
			name = flash;
			productName = flash;
			productReference = 3AFCBF1C1D7F862C00AC2B89 /* flash.app */;
			productType = "com.apple.product-type.application";
		};
/* End PBXNativeTarget section */

/* Begin PBXProject section */
		3AFCBF141D7F862C00AC2B89 /* Project object */ = {
			isa = PBXProject;
			attributes = {
				LastSwiftUpdateCheck = 0730;
				LastUpgradeCheck = 0730;
				ORGANIZATIONNAME = "Sarah Swift";
				TargetAttributes = {
					3AFCBF1B1D7F862C00AC2B89 = {
						CreatedOnToolsVersion = 7.3.1;
					};
				};
			};
			buildConfigurationList = 3AFCBF171D7F862C00AC2B89 /* Build configuration list for PBXProject "flash" */;
			compatibilityVersion = "Xcode 3.2";
			developmentRegion = English;
			hasScannedForEncodings = 0;
			knownRegions = (
				en,
				Base,
			);
			mainGroup = 3AFCBF131D7F862C00AC2B89;
			productRefGroup = 3AFCBF1D1D7F862C00AC2B89 /* Products */;
			projectDirPath = "";
			projectRoot = "";
			targets = (
				3AFCBF1B1D7F862C00AC2B89 /* flash */,
			);
		};
/* End PBXProject section */

/* Begin PBXResourcesBuildPhase section */
		3AFCBF1A1D7F862C00AC2B89 /* Resources */ = {
			isa = PBXResourcesBuildPhase;
			buildActionMask = 2147483647;
			files = (
				3AFCBF2A1D7F862C00AC2B89 /* LaunchScreen.storyboard in Resources */,
				3AFCBF271D7F862C00AC2B89 /* Assets.xcassets in Resources */,
				3AFCBF251D7F862C00AC2B89 /* Main.storyboard in Resources */,
			);
			runOnlyForDeploymentPostprocessing = 0;
		};
/* End PBXResourcesBuildPhase section */

/* Begin PBXSourcesBuildPhase section */
		3AFCBF181D7F862C00AC2B89 /* Sources */ = {
			isa = PBXSourcesBuildPhase;
			buildActionMask = 2147483647;
			files = (
				3AFCBF221D7F862C00AC2B89 /* ViewController.swift in Sources */,
				3AFCBF201D7F862C00AC2B89 /* AppDelegate.swift in Sources */,
			);
			runOnlyForDeploymentPostprocessing = 0;
		};
/* End PBXSourcesBuildPhase section */

/* Begin PBXVariantGroup section */
		3AFCBF231D7F862C00AC2B89 /* Main.storyboard */ = {
			isa = PBXVariantGroup;
			children = (
				3AFCBF241D7F862C00AC2B89 /* Base */,
			);
			name = Main.storyboard;
			sourceTree = "<group>";
		};
		3AFCBF281D7F862C00AC2B89 /* LaunchScreen.storyboard */ = {
			isa = PBXVariantGroup;
			children = (
				3AFCBF291D7F862C00AC2B89 /* Base */,
			);
			name = LaunchScreen.storyboard;
			sourceTree = "<group>";
		};
/* End PBXVariantGroup section */

/* Begin XCBuildConfiguration section */
		3AFCBF2C1D7F862C00AC2B89 /* Debug */ = {
			isa = XCBuildConfiguration;
			buildSettings = {
				ALWAYS_SEARCH_USER_PATHS = NO;
				CLANG_ANALYZER_NONNULL = YES;
				CLANG_CXX_LANGUAGE_STANDARD = "gnu++0x";
				CLANG_CXX_LIBRARY = "libc++";
				CLANG_ENABLE_MODULES = YES;
				CLANG_ENABLE_OBJC_ARC = YES;
				CLANG_WARN_BOOL_CONVERSION = YES;
				CLANG_WARN_CONSTANT_CONVERSION = YES;
				CLANG_WARN_DIRECT_OBJC_ISA_USAGE = YES_ERROR;
				CLANG_WARN_EMPTY_BODY = YES;
				CLANG_WARN_ENUM_CONVERSION = YES;
				CLANG_WARN_INT_CONVERSION = YES;
				CLANG_WARN_OBJC_ROOT_CLASS = YES_ERROR;
				CLANG_WARN_UNREACHABLE_CODE = YES;
				CLANG_WARN__DUPLICATE_METHOD_MATCH = YES;
				"CODE_SIGN_IDENTITY[sdk=iphoneos*]" = "iPhone Developer";
				COPY_PHASE_STRIP = NO;
				DEBUG_INFORMATION_FORMAT = dwarf;
				ENABLE_STRICT_OBJC_MSGSEND = YES;
				ENABLE_TESTABILITY = YES;
				GCC_C_LANGUAGE_STANDARD = gnu99;
				GCC_DYNAMIC_NO_PIC = NO;
				GCC_NO_COMMON_BLOCKS = YES;
				GCC_OPTIMIZATION_LEVEL = 0;
				GCC_PREPROCESSOR_DEFINITIONS = (
					"DEBUG=1",
					"$(inherited)",
				);
				GCC_WARN_64_TO_32_BIT_CONVERSION = YES;
				GCC_WARN_ABOUT_RETURN_TYPE = YES_ERROR;
				GCC_WARN_UNDECLARED_SELECTOR = YES;
				GCC_WARN_UNINITIALIZED_AUTOS = YES_AGGRESSIVE;
				GCC_WARN_UNUSED_FUNCTION = YES;
				GCC_WARN_UNUSED_VARIABLE = YES;
				IPHONEOS_DEPLOYMENT_TARGET = 9.3;
				MTL_ENABLE_DEBUG_INFO = YES;
				ONLY_ACTIVE_ARCH = YES;
				SDKROOT = iphoneos;
				SWIFT_OPTIMIZATION_LEVEL = "-Onone";
				TARGETED_DEVICE_FAMILY = "1,2";
			};
			name = Debug;
		};
		3AFCBF2D1D7F862C00AC2B89 /* Release */ = {
			isa = XCBuildConfiguration;
			buildSettings = {
				ALWAYS_SEARCH_USER_PATHS = NO;
				CLANG_ANALYZER_NONNULL = YES;
				CLANG_CXX_LANGUAGE_STANDARD = "gnu++0x";
				CLANG_CXX_LIBRARY = "libc++";
				CLANG_ENABLE_MODULES = YES;
				CLANG_ENABLE_OBJC_ARC = YES;
				CLANG_WARN_BOOL_CONVERSION = YES;
				CLANG_WARN_CONSTANT_CONVERSION = YES;
				CLANG_WARN_DIRECT_OBJC_ISA_USAGE = YES_ERROR;
				CLANG_WARN_EMPTY_BODY = YES;
				CLANG_WARN_ENUM_CONVERSION = YES;
				CLANG_WARN_INT_CONVERSION = YES;
				CLANG_WARN_OBJC_ROOT_CLASS = YES_ERROR;
				CLANG_WARN_UNREACHABLE_CODE = YES;
				CLANG_WARN__DUPLICATE_METHOD_MATCH = YES;
				"CODE_SIGN_IDENTITY[sdk=iphoneos*]" = "iPhone Developer";
				COPY_PHASE_STRIP = NO;
				DEBUG_INFORMATION_FORMAT = "dwarf-with-dsym";
				ENABLE_NS_ASSERTIONS = NO;
				ENABLE_STRICT_OBJC_MSGSEND = YES;
				GCC_C_LANGUAGE_STANDARD = gnu99;
				GCC_NO_COMMON_BLOCKS = YES;
				GCC_WARN_64_TO_32_BIT_CONVERSION = YES;
				GCC_WARN_ABOUT_RETURN_TYPE = YES_ERROR;
				GCC_WARN_UNDECLARED_SELECTOR = YES;
				GCC_WARN_UNINITIALIZED_AUTOS = YES_AGGRESSIVE;
				GCC_WARN_UNUSED_FUNCTION = YES;
				GCC_WARN_UNUSED_VARIABLE = YES;
				IPHONEOS_DEPLOYMENT_TARGET = 9.3;
				MTL_ENABLE_DEBUG_INFO = NO;
				SDKROOT = iphoneos;
				TARGETED_DEVICE_FAMILY = "1,2";
				VALIDATE_PRODUCT = YES;
			};
			name = Release;
		};
		3AFCBF2F1D7F862C00AC2B89 /* Debug */ = {
			isa = XCBuildConfiguration;
			buildSettings = {
				ASSETCATALOG_COMPILER_APPICON_NAME = AppIcon;
				INFOPLIST_FILE = flash/Info.plist;
				LD_RUNPATH_SEARCH_PATHS = "$(inherited) @executable_path/Frameworks";
				PRODUCT_BUNDLE_IDENTIFIER = swifty.flash;
				PRODUCT_NAME = "$(TARGET_NAME)";
			};
			name = Debug;
		};
		3AFCBF301D7F862C00AC2B89 /* Release */ = {
			isa = XCBuildConfiguration;
			buildSettings = {
				ASSETCATALOG_COMPILER_APPICON_NAME = AppIcon;
				INFOPLIST_FILE = flash/Info.plist;
				LD_RUNPATH_SEARCH_PATHS = "$(inherited) @executable_path/Frameworks";
				PRODUCT_BUNDLE_IDENTIFIER = swifty.flash;
				PRODUCT_NAME = "$(TARGET_NAME)";
			};
			name = Release;
		};
/* End XCBuildConfiguration section */

/* Begin XCConfigurationList section */
		3AFCBF171D7F862C00AC2B89 /* Build configuration list for PBXProject "flash" */ = {
			isa = XCConfigurationList;
			buildConfigurations = (
				3AFCBF2C1D7F862C00AC2B89 /* Debug */,
				3AFCBF2D1D7F862C00AC2B89 /* Release */,
			);
			defaultConfigurationIsVisible = 0;
			defaultConfigurationName = Release;
		};
		3AFCBF2E1D7F862C00AC2B89 /* Build configuration list for PBXNativeTarget "flash" */ = {
			isa = XCConfigurationList;
			buildConfigurations = (
				3AFCBF2F1D7F862C00AC2B89 /* Debug */,
				3AFCBF301D7F862C00AC2B89 /* Release */,
			);
			defaultConfigurationIsVisible = 0;
		};
/* End XCConfigurationList section */
	};
	rootObject = 3AFCBF141D7F862C00AC2B89 /* Project object */;
}
